Microsoft Visual Studio Solution File, Format Version 9.00
# Visual Studio 2005
Project("{FAE04EC0-301F-11D3-BF4B-00C04F79EFBC}") = "NodeChecking", "NodeChecking.csproj", "{D8879F50-5D84-44A3-85D7-3E34151AEFF7}"
	ProjectSection(WebsiteProperties) = preProject
		Debug.AspNetCompiler.Debug = "True"
		Release.AspNetCompiler.Debug = "False"
	EndProjectSection
EndProject
Global
	GlobalSection(SolutionConfigurationPlatforms) = preSolution
		Debug|Any CPU = Debug|Any CPU
		Release|Any CPU = Release|Any CPU
	EndGlobalSection
	GlobalSection(ProjectConfigurationPlatforms) = postSolution
		{D8879F50-5D84-44A3-85D7-3E34151AEFF7}.Debug|Any CPU.ActiveCfg = Debug|Any CPU
		{D8879F50-5D84-44A3-85D7-3E34151AEFF7}.Debug|Any CPU.Build.0 = Debug|Any CPU
		{D8879F50-5D84-44A3-85D7-3E34151AEFF7}.Release|Any CPU.ActiveCfg = Release|Any CPU
		{D8879F50-5D84-44A3-85D7-3E34151AEFF7}.Release|Any CPU.Build.0 = Release|Any CPU
	EndGlobalSection
	GlobalSection(SolutionProperties) = preSolution
		HideSolutionNode = FALSE
	EndGlobalSection
EndGlobal
